
Microsoft Visual Studio Solution File, Format Version 12.00
# Visual Studio 15
VisualStudioVersion = 15.0.26124.0
MinimumVisualStudioVersion = 15.0.26124.0
Project("{2150E333-8FDC-42A3-9474-1A3956D46DE8}") = "src", "src", "{BC55C272-A381-493B-8428-74E85059D57B}"
EndProject
Project("{F2A71F9B-5D33-465A-A702-920D77279786}") = "GiraffeWeb", "src\GiraffeWeb\GiraffeWeb.fsproj", "{37345C78-C67B-4383-BE28-A908DA5249FA}"
EndProject
Project("{F2A71F9B-5D33-465A-A702-920D77279786}") = "Clinics", "src\Clinics\Clinics.fsproj", "{9B29CC2D-BBBE-40E4-8C4D-9E8C366B3E99}"
EndProject
Global
	GlobalSection(SolutionConfigurationPlatforms) = preSolution
		Debug|Any CPU = Debug|Any CPU
		Debug|x64 = Debug|x64
		Debug|x86 = Debug|x86
		Release|Any CPU = Release|Any CPU
		Release|x64 = Release|x64
		Release|x86 = Release|x86
	EndGlobalSection
	GlobalSection(SolutionProperties) = preSolution
		HideSolutionNode = FALSE
	EndGlobalSection
	GlobalSection(ProjectConfigurationPlatforms) = postSolution
		{37345C78-C67B-4383-BE28-A908DA5249FA}.Debug|Any CPU.ActiveCfg = Debug|Any CPU
		{37345C78-C67B-4383-BE28-A908DA5249FA}.Debug|Any CPU.Build.0 = Debug|Any CPU
		{37345C78-C67B-4383-BE28-A908DA5249FA}.Debug|x64.ActiveCfg = Debug|Any CPU
		{37345C78-C67B-4383-BE28-A908DA5249FA}.Debug|x64.Build.0 = Debug|Any CPU
		{37345C78-C67B-4383-BE28-A908DA5249FA}.Debug|x86.ActiveCfg = Debug|Any CPU
		{37345C78-C67B-4383-BE28-A908DA5249FA}.Debug|x86.Build.0 = Debug|Any CPU
		{37345C78-C67B-4383-BE28-A908DA5249FA}.Release|Any CPU.ActiveCfg = Release|Any CPU
		{37345C78-C67B-4383-BE28-A908DA5249FA}.Release|Any CPU.Build.0 = Release|Any CPU
		{37345C78-C67B-4383-BE28-A908DA5249FA}.Release|x64.ActiveCfg = Release|Any CPU
		{37345C78-C67B-4383-BE28-A908DA5249FA}.Release|x64.Build.0 = Release|Any CPU
		{37345C78-C67B-4383-BE28-A908DA5249FA}.Release|x86.ActiveCfg = Release|Any CPU
		{37345C78-C67B-4383-BE28-A908DA5249FA}.Release|x86.Build.0 = Release|Any CPU
		{9B29CC2D-BBBE-40E4-8C4D-9E8C366B3E99}.Debug|Any CPU.ActiveCfg = Debug|Any CPU
		{9B29CC2D-BBBE-40E4-8C4D-9E8C366B3E99}.Debug|Any CPU.Build.0 = Debug|Any CPU
		{9B29CC2D-BBBE-40E4-8C4D-9E8C366B3E99}.Debug|x64.ActiveCfg = Debug|Any CPU
		{9B29CC2D-BBBE-40E4-8C4D-9E8C366B3E99}.Debug|x64.Build.0 = Debug|Any CPU
		{9B29CC2D-BBBE-40E4-8C4D-9E8C366B3E99}.Debug|x86.ActiveCfg = Debug|Any CPU
		{9B29CC2D-BBBE-40E4-8C4D-9E8C366B3E99}.Debug|x86.Build.0 = Debug|Any CPU
		{9B29CC2D-BBBE-40E4-8C4D-9E8C366B3E99}.Release|Any CPU.ActiveCfg = Release|Any CPU
		{9B29CC2D-BBBE-40E4-8C4D-9E8C366B3E99}.Release|Any CPU.Build.0 = Release|Any CPU
		{9B29CC2D-BBBE-40E4-8C4D-9E8C366B3E99}.Release|x64.ActiveCfg = Release|Any CPU
		{9B29CC2D-BBBE-40E4-8C4D-9E8C366B3E99}.Release|x64.Build.0 = Release|Any CPU
		{9B29CC2D-BBBE-40E4-8C4D-9E8C366B3E99}.Release|x86.ActiveCfg = Release|Any CPU
		{9B29CC2D-BBBE-40E4-8C4D-9E8C366B3E99}.Release|x86.Build.0 = Release|Any CPU
	EndGlobalSection
	GlobalSection(NestedProjects) = preSolution
		{37345C78-C67B-4383-BE28-A908DA5249FA} = {BC55C272-A381-493B-8428-74E85059D57B}
		{9B29CC2D-BBBE-40E4-8C4D-9E8C366B3E99} = {BC55C272-A381-493B-8428-74E85059D57B}
	EndGlobalSection
EndGlobal
